// !$*UTF8*$!
{
	archiveVersion = 1;
	classes = {
	};
	objectVersion = 56;
	objects = {

/* Begin PBXBuildFile section */
		375EF86D2A0EAEF600756F1D /* AppDelegate.swift in Sources */ = {isa = PBXBuildFile; fileRef = 375EF86C2A0EAEF600756F1D /* AppDelegate.swift */; };
		375EF86F2A0EAEF600756F1D /* SceneDelegate.swift in Sources */ = {isa = PBXBuildFile; fileRef = 375EF86E2A0EAEF600756F1D /* SceneDelegate.swift */; };
		375EF8762A0EAEF700756F1D /* Assets.xcassets in Resources */ = {isa = PBXBuildFile; fileRef = 375EF8752A0EAEF700756F1D /* Assets.xcassets */; };
		375EF8792A0EAEF700756F1D /* LaunchScreen.storyboard in Resources */ = {isa = PBXBuildFile; fileRef = 375EF8772A0EAEF700756F1D /* LaunchScreen.storyboard */; };
		375EF8812A0EB05300756F1D /* SearchVC.swift in Sources */ = {isa = PBXBuildFile; fileRef = 375EF8802A0EB05300756F1D /* SearchVC.swift */; };
		375EF8832A0EB08800756F1D /* FavoritesListVC.swift in Sources */ = {isa = PBXBuildFile; fileRef = 375EF8822A0EB08800756F1D /* FavoritesListVC.swift */; };
		375EF8852A0EB41300756F1D /* GFButton.swift in Sources */ = {isa = PBXBuildFile; fileRef = 375EF8842A0EB41300756F1D /* GFButton.swift */; };
		375EF8872A0EB67B00756F1D /* GFTextField.swift in Sources */ = {isa = PBXBuildFile; fileRef = 375EF8862A0EB67B00756F1D /* GFTextField.swift */; };
		3782DEF52A101C99001DC797 /* FollowerListVC.swift in Sources */ = {isa = PBXBuildFile; fileRef = 3782DEF42A101C99001DC797 /* FollowerListVC.swift */; };
		37C7A0592A10C0A400D9AAB3 /* SearchVC light.png in Resources */ = {isa = PBXBuildFile; fileRef = 37C7A0582A10C0A400D9AAB3 /* SearchVC light.png */; };
		37C7A05B2A10C0D500D9AAB3 /* SearchVC dark.png in Resources */ = {isa = PBXBuildFile; fileRef = 37C7A05A2A10C0D500D9AAB3 /* SearchVC dark.png */; };
/* End PBXBuildFile section */

/* Begin PBXFileReference section */
		375EF8692A0EAEF600756F1D /* GHFollowers.app */ = {isa = PBXFileReference; explicitFileType = wrapper.application; includeInIndex = 0; path = GHFollowers.app; sourceTree = BUILT_PRODUCTS_DIR; };
		375EF86C2A0EAEF600756F1D /* AppDelegate.swift */ = {isa = PBXFileReference; lastKnownFileType = sourcecode.swift; path = AppDelegate.swift; sourceTree = "<group>"; };
		375EF86E2A0EAEF600756F1D /* SceneDelegate.swift */ = {isa = PBXFileReference; lastKnownFileType = sourcecode.swift; path = SceneDelegate.swift; sourceTree = "<group>"; };
		375EF8752A0EAEF700756F1D /* Assets.xcassets */ = {isa = PBXFileReference; lastKnownFileType = folder.assetcatalog; path = Assets.xcassets; sourceTree = "<group>"; };
		375EF8782A0EAEF700756F1D /* Base */ = {isa = PBXFileReference; lastKnownFileType = file.storyboard; name = Base; path = Base.lproj/LaunchScreen.storyboard; sourceTree = "<group>"; };
		375EF87A2A0EAEF700756F1D /* Info.plist */ = {isa = PBXFileReference; lastKnownFileType = text.plist.xml; path = Info.plist; sourceTree = "<group>"; };
		375EF8802A0EB05300756F1D /* SearchVC.swift */ = {isa = PBXFileReference; lastKnownFileType = sourcecode.swift; path = SearchVC.swift; sourceTree = "<group>"; };
		375EF8822A0EB08800756F1D /* FavoritesListVC.swift */ = {isa = PBXFileReference; lastKnownFileType = sourcecode.swift; path = FavoritesListVC.swift; sourceTree = "<group>"; };
		375EF8842A0EB41300756F1D /* GFButton.swift */ = {isa = PBXFileReference; lastKnownFileType = sourcecode.swift; path = GFButton.swift; sourceTree = "<group>"; };
		375EF8862A0EB67B00756F1D /* GFTextField.swift */ = {isa = PBXFileReference; lastKnownFileType = sourcecode.swift; path = GFTextField.swift; sourceTree = "<group>"; };
		3782DEF42A101C99001DC797 /* FollowerListVC.swift */ = {isa = PBXFileReference; lastKnownFileType = sourcecode.swift; path = FollowerListVC.swift; sourceTree = "<group>"; };
		37C7A0582A10C0A400D9AAB3 /* SearchVC light.png */ = {isa = PBXFileReference; lastKnownFileType = image.png; name = "SearchVC light.png"; path = "../../../../Desktop/SearchVC light.png"; sourceTree = "<group>"; };
		37C7A05A2A10C0D500D9AAB3 /* SearchVC dark.png */ = {isa = PBXFileReference; lastKnownFileType = image.png; name = "SearchVC dark.png"; path = "../../../../Desktop/SearchVC dark.png"; sourceTree = "<group>"; };
/* End PBXFileReference section */

/* Begin PBXFrameworksBuildPhase section */
		375EF8662A0EAEF600756F1D /* Frameworks */ = {
			isa = PBXFrameworksBuildPhase;
			buildActionMask = 2147483647;
			files = (
			);
			runOnlyForDeploymentPostprocessing = 0;
		};
/* End PBXFrameworksBuildPhase section */

/* Begin PBXGroup section */
		375EF8602A0EAEF600756F1D = {
			isa = PBXGroup;
			children = (
				375EF86B2A0EAEF600756F1D /* GHFollowers */,
				375EF86A2A0EAEF600756F1D /* Products */,
			);
			sourceTree = "<group>";
		};
		375EF86A2A0EAEF600756F1D /* Products */ = {
			isa = PBXGroup;
			children = (
				375EF8692A0EAEF600756F1D /* GHFollowers.app */,
			);
			name = Products;
			sourceTree = "<group>";
		};
		375EF86B2A0EAEF600756F1D /* GHFollowers */ = {
			isa = PBXGroup;
			children = (
				37C7A0572A10C09500D9AAB3 /* Project Images */,
				375EF86C2A0EAEF600756F1D /* AppDelegate.swift */,
				375EF86E2A0EAEF600756F1D /* SceneDelegate.swift */,
				375EF8802A0EB05300756F1D /* SearchVC.swift */,
				375EF8822A0EB08800756F1D /* FavoritesListVC.swift */,
				375EF8842A0EB41300756F1D /* GFButton.swift */,
				375EF8862A0EB67B00756F1D /* GFTextField.swift */,
				3782DEF42A101C99001DC797 /* FollowerListVC.swift */,
				375EF8752A0EAEF700756F1D /* Assets.xcassets */,
				375EF8772A0EAEF700756F1D /* LaunchScreen.storyboard */,
				375EF87A2A0EAEF700756F1D /* Info.plist */,
			);
			path = GHFollowers;
			sourceTree = "<group>";
		};
		37C7A0572A10C09500D9AAB3 /* Project Images */ = {
			isa = PBXGroup;
			children = (
				37C7A0582A10C0A400D9AAB3 /* SearchVC light.png */,
				37C7A05A2A10C0D500D9AAB3 /* SearchVC dark.png */,
			);
			path = "Project Images";
			sourceTree = "<group>";
		};
/* End PBXGroup section */

/* Begin PBXNativeTarget section */
		375EF8682A0EAEF600756F1D /* GHFollowers */ = {
			isa = PBXNativeTarget;
			buildConfigurationList = 375EF87D2A0EAEF700756F1D /* Build configuration list for PBXNativeTarget "GHFollowers" */;
			buildPhases = (
				375EF8652A0EAEF600756F1D /* Sources */,
				375EF8662A0EAEF600756F1D /* Frameworks */,
				375EF8672A0EAEF600756F1D /* Resources */,
			);
			buildRules = (
			);
			dependencies = (
			);
			name = GHFollowers;
			productName = GHFollowers;
			productReference = 375EF8692A0EAEF600756F1D /* GHFollowers.app */;
			productType = "com.apple.product-type.application";
		};
/* End PBXNativeTarget section */

/* Begin PBXProject section */
		375EF8612A0EAEF600756F1D /* Project object */ = {
			isa = PBXProject;
			attributes = {
				BuildIndependentTargetsInParallel = 1;
				LastSwiftUpdateCheck = 1430;
				LastUpgradeCheck = 1430;
				TargetAttributes = {
					375EF8682A0EAEF600756F1D = {
						CreatedOnToolsVersion = 14.3;
						LastSwiftMigration = 1430;
					};
				};
			};
			buildConfigurationList = 375EF8642A0EAEF600756F1D /* Build configuration list for PBXProject "GHFollowers" */;
			compatibilityVersion = "Xcode 14.0";
			developmentRegion = en;
			hasScannedForEncodings = 0;
			knownRegions = (
				en,
				Base,
			);
			mainGroup = 375EF8602A0EAEF600756F1D;
			productRefGroup = 375EF86A2A0EAEF600756F1D /* Products */;
			projectDirPath = "";
			projectRoot = "";
			targets = (
				375EF8682A0EAEF600756F1D /* GHFollowers */,
			);
		};
/* End PBXProject section */

/* Begin PBXResourcesBuildPhase section */
		375EF8672A0EAEF600756F1D /* Resources */ = {
			isa = PBXResourcesBuildPhase;
			buildActionMask = 2147483647;
			files = (
				37C7A05B2A10C0D500D9AAB3 /* SearchVC dark.png in Resources */,
				375EF8792A0EAEF700756F1D /* LaunchScreen.storyboard in Resources */,
				37C7A0592A10C0A400D9AAB3 /* SearchVC light.png in Resources */,
				375EF8762A0EAEF700756F1D /* Assets.xcassets in Resources */,
			);
			runOnlyForDeploymentPostprocessing = 0;
		};
/* End PBXResourcesBuildPhase section */

/* Begin PBXSourcesBuildPhase section */
		375EF8652A0EAEF600756F1D /* Sources */ = {
			isa = PBXSourcesBuildPhase;
			buildActionMask = 2147483647;
			files = (
				375EF8872A0EB67B00756F1D /* GFTextField.swift in Sources */,
				375EF8832A0EB08800756F1D /* FavoritesListVC.swift in Sources */,
				375EF8852A0EB41300756F1D /* GFButton.swift in Sources */,
				375EF8812A0EB05300756F1D /* SearchVC.swift in Sources */,
				3782DEF52A101C99001DC797 /* FollowerListVC.swift in Sources */,
				375EF86D2A0EAEF600756F1D /* AppDelegate.swift in Sources */,
				375EF86F2A0EAEF600756F1D /* SceneDelegate.swift in Sources */,
			);
			runOnlyForDeploymentPostprocessing = 0;
		};
/* End PBXSourcesBuildPhase section */

/* Begin PBXVariantGroup section */
		375EF8772A0EAEF700756F1D /* LaunchScreen.storyboard */ = {
			isa = PBXVariantGroup;
			children = (
				375EF8782A0EAEF700756F1D /* Base */,
			);
			name = LaunchScreen.storyboard;
			sourceTree = "<group>";
		};
/* End PBXVariantGroup section */

/* Begin XCBuildConfiguration section */
		375EF87B2A0EAEF700756F1D /* Debug */ = {
			isa = XCBuildConfiguration;
			buildSettings = {
				ALWAYS_SEARCH_USER_PATHS = NO;
				CLANG_ANALYZER_NONNULL = YES;
				CLANG_ANALYZER_NUMBER_OBJECT_CONVERSION = YES_AGGRESSIVE;
				CLANG_CXX_LANGUAGE_STANDARD = "gnu++20";
				CLANG_ENABLE_MODULES = YES;
				CLANG_ENABLE_OBJC_ARC = YES;
				CLANG_ENABLE_OBJC_WEAK = YES;
				CLANG_WARN_BLOCK_CAPTURE_AUTORELEASING = YES;
				CLANG_WARN_BOOL_CONVERSION = YES;
				CLANG_WARN_COMMA = YES;
				CLANG_WARN_CONSTANT_CONVERSION = YES;
				CLANG_WARN_DEPRECATED_OBJC_IMPLEMENTATIONS = YES;
				CLANG_WARN_DIRECT_OBJC_ISA_USAGE = YES_ERROR;
				CLANG_WARN_DOCUMENTATION_COMMENTS = YES;
				CLANG_WARN_EMPTY_BODY = YES;
				CLANG_WARN_ENUM_CONVERSION = YES;
				CLANG_WARN_INFINITE_RECURSION = YES;
				CLANG_WARN_INT_CONVERSION = YES;
				CLANG_WARN_NON_LITERAL_NULL_CONVERSION = YES;
				CLANG_WARN_OBJC_IMPLICIT_RETAIN_SELF = YES;
				CLANG_WARN_OBJC_LITERAL_CONVERSION = YES;
				CLANG_WARN_OBJC_ROOT_CLASS = YES_ERROR;
				CLANG_WARN_QUOTED_INCLUDE_IN_FRAMEWORK_HEADER = YES;
				CLANG_WARN_RANGE_LOOP_ANALYSIS = YES;
				CLANG_WARN_STRICT_PROTOTYPES = YES;
				CLANG_WARN_SUSPICIOUS_MOVE = YES;
				CLANG_WARN_UNGUARDED_AVAILABILITY = YES_AGGRESSIVE;
				CLANG_WARN_UNREACHABLE_CODE = YES;
				CLANG_WARN__DUPLICATE_METHOD_MATCH = YES;
				COPY_PHASE_STRIP = NO;
				DEBUG_INFORMATION_FORMAT = dwarf;
				ENABLE_STRICT_OBJC_MSGSEND = YES;
				ENABLE_TESTABILITY = YES;
				GCC_C_LANGUAGE_STANDARD = gnu11;
				GCC_DYNAMIC_NO_PIC = NO;
				GCC_NO_COMMON_BLOCKS = YES;
				GCC_OPTIMIZATION_LEVEL = 0;
				GCC_PREPROCESSOR_DEFINITIONS = (
					"DEBUG=1",
					"$(inherited)",
				);
				GCC_WARN_64_TO_32_BIT_CONVERSION = YES;
				GCC_WARN_ABOUT_RETURN_TYPE = YES_ERROR;
				GCC_WARN_UNDECLARED_SELECTOR = YES;
				GCC_WARN_UNINITIALIZED_AUTOS = YES_AGGRESSIVE;
				GCC_WARN_UNUSED_FUNCTION = YES;
				GCC_WARN_UNUSED_VARIABLE = YES;
				IPHONEOS_DEPLOYMENT_TARGET = 16.4;
				MTL_ENABLE_DEBUG_INFO = INCLUDE_SOURCE;
				MTL_FAST_MATH = YES;
				ONLY_ACTIVE_ARCH = YES;
				SDKROOT = iphoneos;
				SWIFT_ACTIVE_COMPILATION_CONDITIONS = DEBUG;
				SWIFT_OPTIMIZATION_LEVEL = "-Onone";
			};
			name = Debug;
		};
		375EF87C2A0EAEF700756F1D /* Release */ = {
			isa = XCBuildConfiguration;
			buildSettings = {
				ALWAYS_SEARCH_USER_PATHS = NO;
				CLANG_ANALYZER_NONNULL = YES;
				CLANG_ANALYZER_NUMBER_OBJECT_CONVERSION = YES_AGGRESSIVE;
				CLANG_CXX_LANGUAGE_STANDARD = "gnu++20";
				CLANG_ENABLE_MODULES = YES;
				CLANG_ENABLE_OBJC_ARC = YES;
				CLANG_ENABLE_OBJC_WEAK = YES;
				CLANG_WARN_BLOCK_CAPTURE_AUTORELEASING = YES;
				CLANG_WARN_BOOL_CONVERSION = YES;
				CLANG_WARN_COMMA = YES;
				CLANG_WARN_CONSTANT_CONVERSION = YES;
				CLANG_WARN_DEPRECATED_OBJC_IMPLEMENTATIONS = YES;
				CLANG_WARN_DIRECT_OBJC_ISA_USAGE = YES_ERROR;
				CLANG_WARN_DOCUMENTATION_COMMENTS = YES;
				CLANG_WARN_EMPTY_BODY = YES;
				CLANG_WARN_ENUM_CONVERSION = YES;
				CLANG_WARN_INFINITE_RECURSION = YES;
				CLANG_WARN_INT_CONVERSION = YES;
				CLANG_WARN_NON_LITERAL_NULL_CONVERSION = YES;
				CLANG_WARN_OBJC_IMPLICIT_RETAIN_SELF = YES;
				CLANG_WARN_OBJC_LITERAL_CONVERSION = YES;
				CLANG_WARN_OBJC_ROOT_CLASS = YES_ERROR;
				CLANG_WARN_QUOTED_INCLUDE_IN_FRAMEWORK_HEADER = YES;
				CLANG_WARN_RANGE_LOOP_ANALYSIS = YES;
				CLANG_WARN_STRICT_PROTOTYPES = YES;
				CLANG_WARN_SUSPICIOUS_MOVE = YES;
				CLANG_WARN_UNGUARDED_AVAILABILITY = YES_AGGRESSIVE;
				CLANG_WARN_UNREACHABLE_CODE = YES;
				CLANG_WARN__DUPLICATE_METHOD_MATCH = YES;
				COPY_PHASE_STRIP = NO;
				DEBUG_INFORMATION_FORMAT = "dwarf-with-dsym";
				ENABLE_NS_ASSERTIONS = NO;
				ENABLE_STRICT_OBJC_MSGSEND = YES;
				GCC_C_LANGUAGE_STANDARD = gnu11;
				GCC_NO_COMMON_BLOCKS = YES;
				GCC_WARN_64_TO_32_BIT_CONVERSION = YES;
				GCC_WARN_ABOUT_RETURN_TYPE = YES_ERROR;
				GCC_WARN_UNDECLARED_SELECTOR = YES;
				GCC_WARN_UNINITIALIZED_AUTOS = YES_AGGRESSIVE;
				GCC_WARN_UNUSED_FUNCTION = YES;
				GCC_WARN_UNUSED_VARIABLE = YES;
				IPHONEOS_DEPLOYMENT_TARGET = 16.4;
				MTL_ENABLE_DEBUG_INFO = NO;
				MTL_FAST_MATH = YES;
				SDKROOT = iphoneos;
				SWIFT_COMPILATION_MODE = wholemodule;
				SWIFT_OPTIMIZATION_LEVEL = "-O";
				VALIDATE_PRODUCT = YES;
			};
			name = Release;
		};
		375EF87E2A0EAEF700756F1D /* Debug */ = {
			isa = XCBuildConfiguration;
			buildSettings = {
				ASSETCATALOG_COMPILER_APPICON_NAME = AppIcon;
				ASSETCATALOG_COMPILER_GLOBAL_ACCENT_COLOR_NAME = AccentColor;
				CLANG_ENABLE_MODULES = YES;
				CODE_SIGN_STYLE = Automatic;
				CURRENT_PROJECT_VERSION = 1;
				DEVELOPMENT_TEAM = R5L72AD597;
				GENERATE_INFOPLIST_FILE = YES;
				INFOPLIST_FILE = GHFollowers/Info.plist;
				INFOPLIST_KEY_UIApplicationSupportsIndirectInputEvents = YES;
				INFOPLIST_KEY_UILaunchStoryboardName = LaunchScreen;
				INFOPLIST_KEY_UISupportedInterfaceOrientations_iPad = "UIInterfaceOrientationPortrait UIInterfaceOrientationPortraitUpsideDown UIInterfaceOrientationLandscapeLeft UIInterfaceOrientationLandscapeRight";
				INFOPLIST_KEY_UISupportedInterfaceOrientations_iPhone = "UIInterfaceOrientationPortrait UIInterfaceOrientationLandscapeLeft UIInterfaceOrientationLandscapeRight";
				LD_RUNPATH_SEARCH_PATHS = (
					"$(inherited)",
					"@executable_path/Frameworks",
				);
				MARKETING_VERSION = 1.0;
				PRODUCT_BUNDLE_IDENTIFIER = com.oliviergeiger.GHFollowers;
				PRODUCT_NAME = "$(TARGET_NAME)";
				SWIFT_EMIT_LOC_STRINGS = YES;
				SWIFT_OPTIMIZATION_LEVEL = "-Onone";
				SWIFT_VERSION = 5.0;
				TARGETED_DEVICE_FAMILY = "1,2";
			};
			name = Debug;
		};
		375EF87F2A0EAEF700756F1D /* Release */ = {
			isa = XCBuildConfiguration;
			buildSettings = {
				ASSETCATALOG_COMPILER_APPICON_NAME = AppIcon;
				ASSETCATALOG_COMPILER_GLOBAL_ACCENT_COLOR_NAME = AccentColor;
				CLANG_ENABLE_MODULES = YES;
				CODE_SIGN_STYLE = Automatic;
				CURRENT_PROJECT_VERSION = 1;
				DEVELOPMENT_TEAM = R5L72AD597;
				GENERATE_INFOPLIST_FILE = YES;
				INFOPLIST_FILE = GHFollowers/Info.plist;
				INFOPLIST_KEY_UIApplicationSupportsIndirectInputEvents = YES;
				INFOPLIST_KEY_UILaunchStoryboardName = LaunchScreen;
				INFOPLIST_KEY_UISupportedInterfaceOrientations_iPad = "UIInterfaceOrientationPortrait UIInterfaceOrientationPortraitUpsideDown UIInterfaceOrientationLandscapeLeft UIInterfaceOrientationLandscapeRight";
				INFOPLIST_KEY_UISupportedInterfaceOrientations_iPhone = "UIInterfaceOrientationPortrait UIInterfaceOrientationLandscapeLeft UIInterfaceOrientationLandscapeRight";
				LD_RUNPATH_SEARCH_PATHS = (
					"$(inherited)",
					"@executable_path/Frameworks",
				);
				MARKETING_VERSION = 1.0;
				PRODUCT_BUNDLE_IDENTIFIER = com.oliviergeiger.GHFollowers;
				PRODUCT_NAME = "$(TARGET_NAME)";
				SWIFT_EMIT_LOC_STRINGS = YES;
				SWIFT_VERSION = 5.0;
				TARGETED_DEVICE_FAMILY = "1,2";
			};
			name = Release;
		};
/* End XCBuildConfiguration section */

/* Begin XCConfigurationList section */
		375EF8642A0EAEF600756F1D /* Build configuration list for PBXProject "GHFollowers" */ = {
			isa = XCConfigurationList;
			buildConfigurations = (
				375EF87B2A0EAEF700756F1D /* Debug */,
				375EF87C2A0EAEF700756F1D /* Release */,
			);
			defaultConfigurationIsVisible = 0;
			defaultConfigurationName = Release;
		};
		375EF87D2A0EAEF700756F1D /* Build configuration list for PBXNativeTarget "GHFollowers" */ = {
			isa = XCConfigurationList;
			buildConfigurations = (
				375EF87E2A0EAEF700756F1D /* Debug */,
				375EF87F2A0EAEF700756F1D /* Release */,
			);
			defaultConfigurationIsVisible = 0;
			defaultConfigurationName = Release;
		};
/* End XCConfigurationList section */
	};
	rootObject = 375EF8612A0EAEF600756F1D /* Project object */;
}
